
Microsoft Visual Studio Solution File, Format Version 12.00
# Visual Studio Version 16
VisualStudioVersion = 16.0.30330.147
MinimumVisualStudioVersion = 10.0.40219.1
Project("{FAE04EC0-301F-11D3-BF4B-00C04F79EFBC}") = "Numeroaletra", "Numeroaletra\Numeroaletra.csproj", "{CCAA7254-FB3C-4081-8A3E-34C34EB1378E}"
EndProject
Project("{FAE04EC0-301F-11D3-BF4B-00C04F79EFBC}") = "UnitTestNumeroaLetra", "UnitTestNumeroaLetra\UnitTestNumeroaLetra.csproj", "{D39376CF-E7C3-43BD-914E-B0DD05A3A21B}"
EndProject
Global
	GlobalSection(SolutionConfigurationPlatforms) = preSolution
		Debug|Any CPU = Debug|Any CPU
		Release|Any CPU = Release|Any CPU
	EndGlobalSection
	GlobalSection(ProjectConfigurationPlatforms) = postSolution
		{CCAA7254-FB3C-4081-8A3E-34C34EB1378E}.Debug|Any CPU.ActiveCfg = Debug|Any CPU
		{CCAA7254-FB3C-4081-8A3E-34C34EB1378E}.Debug|Any CPU.Build.0 = Debug|Any CPU
		{CCAA7254-FB3C-4081-8A3E-34C34EB1378E}.Release|Any CPU.ActiveCfg = Release|Any CPU
		{CCAA7254-FB3C-4081-8A3E-34C34EB1378E}.Release|Any CPU.Build.0 = Release|Any CPU
		{D39376CF-E7C3-43BD-914E-B0DD05A3A21B}.Debug|Any CPU.ActiveCfg = Debug|Any CPU
		{D39376CF-E7C3-43BD-914E-B0DD05A3A21B}.Debug|Any CPU.Build.0 = Debug|Any CPU
		{D39376CF-E7C3-43BD-914E-B0DD05A3A21B}.Release|Any CPU.ActiveCfg = Release|Any CPU
		{D39376CF-E7C3-43BD-914E-B0DD05A3A21B}.Release|Any CPU.Build.0 = Release|Any CPU
	EndGlobalSection
	GlobalSection(SolutionProperties) = preSolution
		HideSolutionNode = FALSE
	EndGlobalSection
	GlobalSection(ExtensibilityGlobals) = postSolution
		SolutionGuid = {36716538-F0FE-40D3-9AEF-6059C6272354}
	EndGlobalSection
EndGlobal
